
Microsoft Visual Studio Solution File, Format Version 12.00
# Visual Studio Version 17
VisualStudioVersion = 17.3.32922.545
MinimumVisualStudioVersion = 10.0.40219.1
Project("{FAE04EC0-301F-11D3-BF4B-00C04F79EFBC}") = "test", "test\test.csproj", "{C765A50F-A430-4236-B165-BF6433C6D5DC}"
EndProject
Global
	GlobalSection(SolutionConfigurationPlatforms) = preSolution
		Debug|Any CPU = Debug|Any CPU
		Release|Any CPU = Release|Any CPU
	EndGlobalSection
	GlobalSection(ProjectConfigurationPlatforms) = postSolution
		{C765A50F-A430-4236-B165-BF6433C6D5DC}.Debug|Any CPU.ActiveCfg = Debug|Any CPU
		{C765A50F-A430-4236-B165-BF6433C6D5DC}.Debug|Any CPU.Build.0 = Debug|Any CPU
		{C765A50F-A430-4236-B165-BF6433C6D5DC}.Release|Any CPU.ActiveCfg = Release|Any CPU
		{C765A50F-A430-4236-B165-BF6433C6D5DC}.Release|Any CPU.Build.0 = Release|Any CPU
	EndGlobalSection
	GlobalSection(SolutionProperties) = preSolution
		HideSolutionNode = FALSE
	EndGlobalSection
	GlobalSection(ExtensibilityGlobals) = postSolution
		SolutionGuid = {68723C10-5195-4525-A8D8-5FBC90489703}
	EndGlobalSection
EndGlobal
